<?xml version="1.0" encoding="utf-8"?>
<Project ToolsVersion="4.0" xmlns="http://schemas.microsoft.com/developer/msbuild/2003">
  <ItemGroup>
    <Filter Include="소스 파일">
      <UniqueIdentifier>{4FC737F1-C7A5-4376-A066-2A32D752A2FF}</UniqueIdentifier>
      <Extensions>cpp;c;cc;cxx;def;odl;idl;hpj;bat;asm;asmx</Extensions>
    </Filter>
    <Filter Include="헤더 파일">
      <UniqueIdentifier>{93995380-89BD-4b04-88EB-625FBE52EBFB}</UniqueIdentifier>
      <Extensions>h;hh;hpp;hxx;hm;inl;inc;xsd</Extensions>
    </Filter>
    <Filter Include="리소스 파일">
      <UniqueIdentifier>{67DA6AB6-F800-4c08-8B7A-83BB121AAD01}</UniqueIdentifier>
      <Extensions>rc;ico;cur;bmp;dlg;rc2;rct;bin;rgs;gif;jpg;jpeg;jpe;resx;tiff;tif;png;wav;mfcribbon-ms</Extensions>
    </Filter>
  </ItemGroup>
  <ItemGroup>
    <ClCompile Include="bitmap_make.c">
      <Filter>소스 파일</Filter>
    </ClCompile>
    <ClCompile Include="main.c">
      <Filter>소스 파일</Filter>
    </ClCompile>
    <ClCompile Include="gen_ray.c">
      <Filter>소스 파일</Filter>
    </ClCompile>
    <ClCompile Include="shadow_ray.c">
      <Filter>소스 파일</Filter>
    </ClCompile>
    <ClCompile Include="file_read.c">
      <Filter>소스 파일</Filter>
    </ClCompile>
    <ClCompile Include="obj_transform.c">
      <Filter>소스 파일</Filter>
    </ClCompile>
    <ClCompile Include="kdtree\bbox.c">
      <Filter>소스 파일</Filter>
    </ClCompile>
    <ClCompile Include="settings.c">
      <Filter>소스 파일</Filter>
    </ClCompile>
    <ClCompile Include="kdtree\nlog2n_build.c">
      <Filter>소스 파일</Filter>
    </ClCompile>
    <ClCompile Include="kdtree\nlog2n_intersection.c">
      <Filter>소스 파일</Filter>
    </ClCompile>
    <ClCompile Include="naive\naive_intersection.c">
      <Filter>소스 파일</Filter>
    </ClCompile>
    <ClCompile Include="include\getopt.c">
      <Filter>소스 파일</Filter>
    </ClCompile>
    <ClCompile Include="algorithms.c">
      <Filter>소스 파일</Filter>
    </ClCompile>
    <ClCompile Include="kdtree\kdtree_common.c">
      <Filter>소스 파일</Filter>
    </ClCompile>
    <ClCompile Include="kdtree\nlogn_build.c">
      <Filter>소스 파일</Filter>
    </ClCompile>
    <ClCompile Include="shading\naive_shading.c">
      <Filter>소스 파일</Filter>
    </ClCompile>
    <ClCompile Include="shading\phong_shading.c">
      <Filter>소스 파일</Filter>
    </ClCompile>
    <ClCompile Include="shading\shading.c">
      <Filter>소스 파일</Filter>
    </ClCompile>
    <ClCompile Include="kdtree\minmax_build.c">
      <Filter>소스 파일</Filter>
    </ClCompile>
  </ItemGroup>
  <ItemGroup>
    <ClInclude Include="file_read.h">
      <Filter>헤더 파일</Filter>
    </ClInclude>
    <ClInclude Include="settings.h">
      <Filter>헤더 파일</Filter>
    </ClInclude>
    <ClInclude Include="obj_transform.h">
      <Filter>헤더 파일</Filter>
    </ClInclude>
    <ClInclude Include="main.h">
      <Filter>헤더 파일</Filter>
    </ClInclude>
    <ClInclude Include="gen_ray.h">
      <Filter>헤더 파일</Filter>
    </ClInclude>
    <ClInclude Include="include\bitmap.h">
      <Filter>헤더 파일</Filter>
    </ClInclude>
    <ClInclude Include="include\debug-msg.h">
      <Filter>헤더 파일</Filter>
    </ClInclude>
    <ClInclude Include="include\msl_math.h">
      <Filter>헤더 파일</Filter>
    </ClInclude>
    <ClInclude Include="kdtree\bbox.h">
      <Filter>헤더 파일</Filter>
    </ClInclude>
    <ClInclude Include="kdtree\boundedge.h">
      <Filter>헤더 파일</Filter>
    </ClInclude>
    <ClInclude Include="kdtree\kdtree_queue.h">
      <Filter>헤더 파일</Filter>
    </ClInclude>
    <ClInclude Include="kdtree\kdtree_type.h">
      <Filter>헤더 파일</Filter>
    </ClInclude>
    <ClInclude Include="kdtree\nlog2n_build.h">
      <Filter>헤더 파일</Filter>
    </ClInclude>
    <ClInclude Include="kdtree\nlog2n_intersection.h">
      <Filter>헤더 파일</Filter>
    </ClInclude>
    <ClInclude Include="naive\naive_intersection.h">
      <Filter>헤더 파일</Filter>
    </ClInclude>
    <ClInclude Include="algorithms.h">
      <Filter>헤더 파일</Filter>
    </ClInclude>
    <ClInclude Include="include\getopt.h">
      <Filter>헤더 파일</Filter>
    </ClInclude>
    <ClInclude Include="include\list.h">
      <Filter>헤더 파일</Filter>
    </ClInclude>
    <ClInclude Include="include\queue.h">
      <Filter>헤더 파일</Filter>
    </ClInclude>
    <ClInclude Include="kdtree\kdtree_common.h">
      <Filter>헤더 파일</Filter>
    </ClInclude>
    <ClInclude Include="kdtree\nlogn_build.h">
      <Filter>헤더 파일</Filter>
    </ClInclude>
    <ClInclude Include="bitmap_make.h">
      <Filter>헤더 파일</Filter>
    </ClInclude>
    <ClInclude Include="shading\naive_shading.h">
      <Filter>헤더 파일</Filter>
    </ClInclude>
    <ClInclude Include="shading\phong_shading.h">
      <Filter>헤더 파일</Filter>
    </ClInclude>
    <ClInclude Include="shading\shading.h">
      <Filter>헤더 파일</Filter>
    </ClInclude>
    <ClInclude Include="include\type.h">
      <Filter>헤더 파일</Filter>
    </ClInclude>
    <ClInclude Include="kdtree\minmax_build.h">
      <Filter>헤더 파일</Filter>
    </ClInclude>
  </ItemGroup>
</Project>